
Microsoft Visual Studio Solution File, Format Version 12.00
# Visual Studio Version 17
VisualStudioVersion = 17.2.32314.265
MinimumVisualStudioVersion = 10.0.40219.1
Project("{9A19103F-16F7-4668-BE54-9A1E7A4F7556}") = "H.Socket.IO", "src\libs\H.Socket.IO\H.Socket.IO.csproj", "{9B592C68-3C75-4907-8672-60236F8714CD}"
EndProject
Project("{9A19103F-16F7-4668-BE54-9A1E7A4F7556}") = "H.Socket.IO.UnitTests", "src\tests\H.Socket.IO.UnitTests\H.Socket.IO.UnitTests.csproj", "{D8C53574-42BB-43AB-A5CA-D4860A15C94D}"
EndProject
Project("{2150E333-8FDC-42A3-9474-1A3956D46DE8}") = "Solution Items", "Solution Items", "{82093184-8701-4DBE-B42B-8291CABACCA1}"
	ProjectSection(SolutionItems) = preProject
		.editorconfig = .editorconfig
		.gitignore = .gitignore
		.github\ISSUE_TEMPLATE\bug-report.yaml = .github\ISSUE_TEMPLATE\bug-report.yaml
		src\Directory.Build.props = src\Directory.Build.props
		.github\workflows\dotnet.yml = .github\workflows\dotnet.yml
		.github\FUNDING.yml = .github\FUNDING.yml
		LICENSE.md = LICENSE.md
		README.md = README.md
	EndProjectSection
EndProject
Project("{9A19103F-16F7-4668-BE54-9A1E7A4F7556}") = "H.Socket.IO.IntegrationTests", "src\tests\H.Socket.IO.IntegrationTests\H.Socket.IO.IntegrationTests.csproj", "{4FA3F702-22E4-4D6C-8392-EB82C4FEF21D}"
EndProject
Project("{9A19103F-16F7-4668-BE54-9A1E7A4F7556}") = "H.WebSockets", "src\libs\H.WebSockets\H.WebSockets.csproj", "{E91F3623-0C13-4CF6-A154-13622A8B8F99}"
EndProject
Project("{9A19103F-16F7-4668-BE54-9A1E7A4F7556}") = "H.Engine.IO", "src\libs\H.Engine.IO\H.Engine.IO.csproj", "{20FF7182-3433-4362-93E1-8A346E3C4CD1}"
EndProject
Project("{9A19103F-16F7-4668-BE54-9A1E7A4F7556}") = "H.Engine.IO.IntegrationTests", "src\tests\H.Engine.IO.IntegrationTests\H.Engine.IO.IntegrationTests.csproj", "{720B4547-3361-4B00-B7E8-4558F93BDEC0}"
EndProject
Project("{9A19103F-16F7-4668-BE54-9A1E7A4F7556}") = "H.Engine.IO.UnitTests", "src\tests\H.Engine.IO.UnitTests\H.Engine.IO.UnitTests.csproj", "{9329BAFB-9319-471A-93DC-44082F86CDBF}"
EndProject
Project("{9A19103F-16F7-4668-BE54-9A1E7A4F7556}") = "H.WebSockets.IntegrationTests", "src\tests\H.WebSockets.IntegrationTests\H.WebSockets.IntegrationTests.csproj", "{5D9D489D-944B-4846-9DB5-09D5D34F81EE}"
EndProject
Project("{2150E333-8FDC-42A3-9474-1A3956D46DE8}") = "libs", "libs", "{BF082586-9258-4AE4-B13F-9C3CD907E948}"
	ProjectSection(SolutionItems) = preProject
		src\libs\Directory.Build.props = src\libs\Directory.Build.props
	EndProjectSection
EndProject
Project("{2150E333-8FDC-42A3-9474-1A3956D46DE8}") = "tests", "tests", "{48FE3E05-9396-40C2-989B-D8786DE57AFD}"
EndProject
Global
	GlobalSection(SolutionConfigurationPlatforms) = preSolution
		Debug|Any CPU = Debug|Any CPU
		Release|Any CPU = Release|Any CPU
	EndGlobalSection
	GlobalSection(ProjectConfigurationPlatforms) = postSolution
		{9B592C68-3C75-4907-8672-60236F8714CD}.Debug|Any CPU.ActiveCfg = Debug|Any CPU
		{9B592C68-3C75-4907-8672-60236F8714CD}.Debug|Any CPU.Build.0 = Debug|Any CPU
		{9B592C68-3C75-4907-8672-60236F8714CD}.Release|Any CPU.ActiveCfg = Release|Any CPU
		{9B592C68-3C75-4907-8672-60236F8714CD}.Release|Any CPU.Build.0 = Release|Any CPU
		{D8C53574-42BB-43AB-A5CA-D4860A15C94D}.Debug|Any CPU.ActiveCfg = Debug|Any CPU
		{D8C53574-42BB-43AB-A5CA-D4860A15C94D}.Debug|Any CPU.Build.0 = Debug|Any CPU
		{D8C53574-42BB-43AB-A5CA-D4860A15C94D}.Release|Any CPU.ActiveCfg = Release|Any CPU
		{D8C53574-42BB-43AB-A5CA-D4860A15C94D}.Release|Any CPU.Build.0 = Release|Any CPU
		{4FA3F702-22E4-4D6C-8392-EB82C4FEF21D}.Debug|Any CPU.ActiveCfg = Debug|Any CPU
		{4FA3F702-22E4-4D6C-8392-EB82C4FEF21D}.Debug|Any CPU.Build.0 = Debug|Any CPU
		{4FA3F702-22E4-4D6C-8392-EB82C4FEF21D}.Release|Any CPU.ActiveCfg = Release|Any CPU
		{4FA3F702-22E4-4D6C-8392-EB82C4FEF21D}.Release|Any CPU.Build.0 = Release|Any CPU
		{E91F3623-0C13-4CF6-A154-13622A8B8F99}.Debug|Any CPU.ActiveCfg = Debug|Any CPU
		{E91F3623-0C13-4CF6-A154-13622A8B8F99}.Debug|Any CPU.Build.0 = Debug|Any CPU
		{E91F3623-0C13-4CF6-A154-13622A8B8F99}.Release|Any CPU.ActiveCfg = Release|Any CPU
		{E91F3623-0C13-4CF6-A154-13622A8B8F99}.Release|Any CPU.Build.0 = Release|Any CPU
		{20FF7182-3433-4362-93E1-8A346E3C4CD1}.Debug|Any CPU.ActiveCfg = Debug|Any CPU
		{20FF7182-3433-4362-93E1-8A346E3C4CD1}.Debug|Any CPU.Build.0 = Debug|Any CPU
		{20FF7182-3433-4362-93E1-8A346E3C4CD1}.Release|Any CPU.ActiveCfg = Release|Any CPU
		{20FF7182-3433-4362-93E1-8A346E3C4CD1}.Release|Any CPU.Build.0 = Release|Any CPU
		{720B4547-3361-4B00-B7E8-4558F93BDEC0}.Debug|Any CPU.ActiveCfg = Debug|Any CPU
		{720B4547-3361-4B00-B7E8-4558F93BDEC0}.Debug|Any CPU.Build.0 = Debug|Any CPU
		{720B4547-3361-4B00-B7E8-4558F93BDEC0}.Release|Any CPU.ActiveCfg = Release|Any CPU
		{720B4547-3361-4B00-B7E8-4558F93BDEC0}.Release|Any CPU.Build.0 = Release|Any CPU
		{9329BAFB-9319-471A-93DC-44082F86CDBF}.Debug|Any CPU.ActiveCfg = Debug|Any CPU
		{9329BAFB-9319-471A-93DC-44082F86CDBF}.Debug|Any CPU.Build.0 = Debug|Any CPU
		{9329BAFB-9319-471A-93DC-44082F86CDBF}.Release|Any CPU.ActiveCfg = Release|Any CPU
		{9329BAFB-9319-471A-93DC-44082F86CDBF}.Release|Any CPU.Build.0 = Release|Any CPU
		{5D9D489D-944B-4846-9DB5-09D5D34F81EE}.Debug|Any CPU.ActiveCfg = Debug|Any CPU
		{5D9D489D-944B-4846-9DB5-09D5D34F81EE}.Debug|Any CPU.Build.0 = Debug|Any CPU
		{5D9D489D-944B-4846-9DB5-09D5D34F81EE}.Release|Any CPU.ActiveCfg = Release|Any CPU
		{5D9D489D-944B-4846-9DB5-09D5D34F81EE}.Release|Any CPU.Build.0 = Release|Any CPU
	EndGlobalSection
	GlobalSection(SolutionProperties) = preSolution
		HideSolutionNode = FALSE
	EndGlobalSection
	GlobalSection(NestedProjects) = preSolution
		{9B592C68-3C75-4907-8672-60236F8714CD} = {BF082586-9258-4AE4-B13F-9C3CD907E948}
		{D8C53574-42BB-43AB-A5CA-D4860A15C94D} = {48FE3E05-9396-40C2-989B-D8786DE57AFD}
		{4FA3F702-22E4-4D6C-8392-EB82C4FEF21D} = {48FE3E05-9396-40C2-989B-D8786DE57AFD}
		{E91F3623-0C13-4CF6-A154-13622A8B8F99} = {BF082586-9258-4AE4-B13F-9C3CD907E948}
		{20FF7182-3433-4362-93E1-8A346E3C4CD1} = {BF082586-9258-4AE4-B13F-9C3CD907E948}
		{720B4547-3361-4B00-B7E8-4558F93BDEC0} = {48FE3E05-9396-40C2-989B-D8786DE57AFD}
		{9329BAFB-9319-471A-93DC-44082F86CDBF} = {48FE3E05-9396-40C2-989B-D8786DE57AFD}
		{5D9D489D-944B-4846-9DB5-09D5D34F81EE} = {48FE3E05-9396-40C2-989B-D8786DE57AFD}
	EndGlobalSection
	GlobalSection(ExtensibilityGlobals) = postSolution
		SolutionGuid = {2C5EB514-0DC8-42BA-9A08-550B65876AD0}
	EndGlobalSection
EndGlobal
