
Microsoft Visual Studio Solution File, Format Version 12.00
# Visual Studio Version 16
VisualStudioVersion = 16.0.29509.3
MinimumVisualStudioVersion = 10.0.40219.1
Project("{9092AA53-FB77-4645-B42D-1CCCA6BD08BD}") = "Socket.IO.ChatExample", "src\TestServers\Socket.IO.ChatExample\Socket.IO.ChatExample.njsproj", "{AEFFA4C6-7658-4704-A711-09FE824C1973}"
EndProject
Global
	GlobalSection(SolutionConfigurationPlatforms) = preSolution
		Debug|Any CPU = Debug|Any CPU
		Release|Any CPU = Release|Any CPU
	EndGlobalSection
	GlobalSection(ProjectConfigurationPlatforms) = postSolution
		{AEFFA4C6-7658-4704-A711-09FE824C1973}.Debug|Any CPU.ActiveCfg = Debug|Any CPU
		{AEFFA4C6-7658-4704-A711-09FE824C1973}.Debug|Any CPU.Build.0 = Debug|Any CPU
		{AEFFA4C6-7658-4704-A711-09FE824C1973}.Release|Any CPU.ActiveCfg = Release|Any CPU
		{AEFFA4C6-7658-4704-A711-09FE824C1973}.Release|Any CPU.Build.0 = Release|Any CPU
	EndGlobalSection
	GlobalSection(SolutionProperties) = preSolution
		HideSolutionNode = FALSE
	EndGlobalSection
	GlobalSection(ExtensibilityGlobals) = postSolution
		SolutionGuid = {3172CA50-5A86-48A8-92FE-932CCFFFBEDA}
	EndGlobalSection
EndGlobal
