
Microsoft Visual Studio Solution File, Format Version 12.00
# Visual Studio Version 16
VisualStudioVersion = 16.0.29509.3
MinimumVisualStudioVersion = 10.0.40219.1
Project("{9A19103F-16F7-4668-BE54-9A1E7A4F7556}") = "SimpleSocketIoClient", "SimpleSocketIoClient\SimpleSocketIoClient.csproj", "{9B592C68-3C75-4907-8672-60236F8714CD}"
EndProject
Project("{9A19103F-16F7-4668-BE54-9A1E7A4F7556}") = "SimpleSocketIoClient.Tests", "SimpleSocketIoClient.Tests\SimpleSocketIoClient.Tests.csproj", "{D8C53574-42BB-43AB-A5CA-D4860A15C94D}"
EndProject
Project("{2150E333-8FDC-42A3-9474-1A3956D46DE8}") = "Solution Items", "Solution Items", "{82093184-8701-4DBE-B42B-8291CABACCA1}"
	ProjectSection(SolutionItems) = preProject
		.gitattributes = .gitattributes
		.gitignore = .gitignore
		.github\workflows\dotnetcore.yml = .github\workflows\dotnetcore.yml
		LICENSE.md = LICENSE.md
		README.md = README.md
	EndProjectSection
EndProject
Project("{9A19103F-16F7-4668-BE54-9A1E7A4F7556}") = "SimpleSocketIoClient.IntegrationTests", "SimpleSocketIoClient.IntegrationTests\SimpleSocketIoClient.IntegrationTests.csproj", "{4FA3F702-22E4-4D6C-8392-EB82C4FEF21D}"
EndProject
Global
	GlobalSection(SolutionConfigurationPlatforms) = preSolution
		Debug|Any CPU = Debug|Any CPU
		Release|Any CPU = Release|Any CPU
	EndGlobalSection
	GlobalSection(ProjectConfigurationPlatforms) = postSolution
		{9B592C68-3C75-4907-8672-60236F8714CD}.Debug|Any CPU.ActiveCfg = Debug|Any CPU
		{9B592C68-3C75-4907-8672-60236F8714CD}.Debug|Any CPU.Build.0 = Debug|Any CPU
		{9B592C68-3C75-4907-8672-60236F8714CD}.Release|Any CPU.ActiveCfg = Release|Any CPU
		{9B592C68-3C75-4907-8672-60236F8714CD}.Release|Any CPU.Build.0 = Release|Any CPU
		{D8C53574-42BB-43AB-A5CA-D4860A15C94D}.Debug|Any CPU.ActiveCfg = Debug|Any CPU
		{D8C53574-42BB-43AB-A5CA-D4860A15C94D}.Debug|Any CPU.Build.0 = Debug|Any CPU
		{D8C53574-42BB-43AB-A5CA-D4860A15C94D}.Release|Any CPU.ActiveCfg = Release|Any CPU
		{D8C53574-42BB-43AB-A5CA-D4860A15C94D}.Release|Any CPU.Build.0 = Release|Any CPU
		{4FA3F702-22E4-4D6C-8392-EB82C4FEF21D}.Debug|Any CPU.ActiveCfg = Debug|Any CPU
		{4FA3F702-22E4-4D6C-8392-EB82C4FEF21D}.Debug|Any CPU.Build.0 = Debug|Any CPU
		{4FA3F702-22E4-4D6C-8392-EB82C4FEF21D}.Release|Any CPU.ActiveCfg = Release|Any CPU
		{4FA3F702-22E4-4D6C-8392-EB82C4FEF21D}.Release|Any CPU.Build.0 = Release|Any CPU
	EndGlobalSection
	GlobalSection(SolutionProperties) = preSolution
		HideSolutionNode = FALSE
	EndGlobalSection
	GlobalSection(ExtensibilityGlobals) = postSolution
		SolutionGuid = {2C5EB514-0DC8-42BA-9A08-550B65876AD0}
	EndGlobalSection
EndGlobal
